// !$*UTF8*$!
{
	archiveVersion = 1;
	classes = {
	};
	objectVersion = 46;
	objects = {

/* Begin PBXBuildFile section */
		18B4D3971EFBEA5A002B51E0 /* main.c in Sources */ = {isa = PBXBuildFile; fileRef = 18B4D3961EFBEA5A002B51E0 /* main.c */; };
		18B4D3A01EFBF0E9002B51E0 /* FileOpt.c in Sources */ = {isa = PBXBuildFile; fileRef = 18B4D39F1EFBF0E9002B51E0 /* FileOpt.c */; };
/* End PBXBuildFile section */

/* Begin PBXCopyFilesBuildPhase section */
		18B4D3911EFBEA5A002B51E0 /* CopyFiles */ = {
			isa = PBXCopyFilesBuildPhase;
			buildActionMask = 2147483647;
			dstPath = /usr/share/man/man1/;
			dstSubfolderSpec = 0;
			files = (
			);
			runOnlyForDeploymentPostprocessing = 1;
		};
/* End PBXCopyFilesBuildPhase section */

/* Begin PBXFileReference section */
		18B4D3931EFBEA5A002B51E0 /* NewBookDemo */ = {isa = PBXFileReference; explicitFileType = "compiled.mach-o.executable"; includeInIndex = 0; path = NewBookDemo; sourceTree = BUILT_PRODUCTS_DIR; };
		18B4D3961EFBEA5A002B51E0 /* main.c */ = {isa = PBXFileReference; lastKnownFileType = sourcecode.c.c; path = main.c; sourceTree = "<group>"; };
		18B4D39D1EFBEB6B002B51E0 /* Book.h */ = {isa = PBXFileReference; fileEncoding = 4; lastKnownFileType = sourcecode.c.h; path = Book.h; sourceTree = "<group>"; };
		18B4D39E1EFBEFA8002B51E0 /* FileOpt.h */ = {isa = PBXFileReference; fileEncoding = 4; lastKnownFileType = sourcecode.c.h; path = FileOpt.h; sourceTree = "<group>"; };
		18B4D39F1EFBF0E9002B51E0 /* FileOpt.c */ = {isa = PBXFileReference; fileEncoding = 4; lastKnownFileType = sourcecode.c.c; path = FileOpt.c; sourceTree = "<group>"; };
/* End PBXFileReference section */

/* Begin PBXFrameworksBuildPhase section */
		18B4D3901EFBEA5A002B51E0 /* Frameworks */ = {
			isa = PBXFrameworksBuildPhase;
			buildActionMask = 2147483647;
			files = (
			);
			runOnlyForDeploymentPostprocessing = 0;
		};
/* End PBXFrameworksBuildPhase section */

/* Begin PBXGroup section */
		18B4D38A1EFBEA5A002B51E0 = {
			isa = PBXGroup;
			children = (
				18B4D3951EFBEA5A002B51E0 /* NewBookDemo */,
				18B4D3941EFBEA5A002B51E0 /* Products */,
			);
			sourceTree = "<group>";
		};
		18B4D3941EFBEA5A002B51E0 /* Products */ = {
			isa = PBXGroup;
			children = (
				18B4D3931EFBEA5A002B51E0 /* NewBookDemo */,
			);
			name = Products;
			sourceTree = "<group>";
		};
		18B4D3951EFBEA5A002B51E0 /* NewBookDemo */ = {
			isa = PBXGroup;
			children = (
				18B4D3961EFBEA5A002B51E0 /* main.c */,
				18B4D39F1EFBF0E9002B51E0 /* FileOpt.c */,
				18B4D39D1EFBEB6B002B51E0 /* Book.h */,
				18B4D39E1EFBEFA8002B51E0 /* FileOpt.h */,
			);
			path = NewBookDemo;
			sourceTree = "<group>";
		};
/* End PBXGroup section */

/* Begin PBXNativeTarget section */
		18B4D3921EFBEA5A002B51E0 /* NewBookDemo */ = {
			isa = PBXNativeTarget;
			buildConfigurationList = 18B4D39A1EFBEA5A002B51E0 /* Build configuration list for PBXNativeTarget "NewBookDemo" */;
			buildPhases = (
				18B4D38F1EFBEA5A002B51E0 /* Sources */,
				18B4D3901EFBEA5A002B51E0 /* Frameworks */,
				18B4D3911EFBEA5A002B51E0 /* CopyFiles */,
			);
			buildRules = (
			);
			dependencies = (
			);
			name = NewBookDemo;
			productName = NewBookDemo;
			productReference = 18B4D3931EFBEA5A002B51E0 /* NewBookDemo */;
			productType = "com.apple.product-type.tool";
		};
/* End PBXNativeTarget section */

/* Begin PBXProject section */
		18B4D38B1EFBEA5A002B51E0 /* Project object */ = {
			isa = PBXProject;
			attributes = {
				LastUpgradeCheck = 0830;
				ORGANIZATIONNAME = apple;
				TargetAttributes = {
					18B4D3921EFBEA5A002B51E0 = {
						CreatedOnToolsVersion = 8.3.2;
						DevelopmentTeam = 35W5H9CHY5;
						ProvisioningStyle = Automatic;
					};
				};
			};
			buildConfigurationList = 18B4D38E1EFBEA5A002B51E0 /* Build configuration list for PBXProject "NewBookDemo" */;
			compatibilityVersion = "Xcode 3.2";
			developmentRegion = English;
			hasScannedForEncodings = 0;
			knownRegions = (
				en,
			);
			mainGroup = 18B4D38A1EFBEA5A002B51E0;
			productRefGroup = 18B4D3941EFBEA5A002B51E0 /* Products */;
			projectDirPath = "";
			projectRoot = "";
			targets = (
				18B4D3921EFBEA5A002B51E0 /* NewBookDemo */,
			);
		};
/* End PBXProject section */

/* Begin PBXSourcesBuildPhase section */
		18B4D38F1EFBEA5A002B51E0 /* Sources */ = {
			isa = PBXSourcesBuildPhase;
			buildActionMask = 2147483647;
			files = (
				18B4D3971EFBEA5A002B51E0 /* main.c in Sources */,
				18B4D3A01EFBF0E9002B51E0 /* FileOpt.c in Sources */,
			);
			runOnlyForDeploymentPostprocessing = 0;
		};
/* End PBXSourcesBuildPhase section */

/* Begin XCBuildConfiguration section */
		18B4D3981EFBEA5A002B51E0 /* Debug */ = {
			isa = XCBuildConfiguration;
			buildSettings = {
				ALWAYS_SEARCH_USER_PATHS = NO;
				CLANG_ANALYZER_NONNULL = YES;
				CLANG_ANALYZER_NUMBER_OBJECT_CONVERSION = YES_AGGRESSIVE;
				CLANG_CXX_LANGUAGE_STANDARD = "gnu++0x";
				CLANG_CXX_LIBRARY = "libc++";
				CLANG_ENABLE_MODULES = YES;
				CLANG_ENABLE_OBJC_ARC = YES;
				CLANG_WARN_BOOL_CONVERSION = YES;
				CLANG_WARN_CONSTANT_CONVERSION = YES;
				CLANG_WARN_DIRECT_OBJC_ISA_USAGE = YES_ERROR;
				CLANG_WARN_DOCUMENTATION_COMMENTS = YES;
				CLANG_WARN_EMPTY_BODY = YES;
				CLANG_WARN_ENUM_CONVERSION = YES;
				CLANG_WARN_INFINITE_RECURSION = YES;
				CLANG_WARN_INT_CONVERSION = YES;
				CLANG_WARN_OBJC_ROOT_CLASS = YES_ERROR;
				CLANG_WARN_SUSPICIOUS_MOVE = YES;
				CLANG_WARN_UNREACHABLE_CODE = YES;
				CLANG_WARN__DUPLICATE_METHOD_MATCH = YES;
				CODE_SIGN_IDENTITY = "-";
				COPY_PHASE_STRIP = NO;
				DEBUG_INFORMATION_FORMAT = dwarf;
				ENABLE_STRICT_OBJC_MSGSEND = YES;
				ENABLE_TESTABILITY = YES;
				GCC_C_LANGUAGE_STANDARD = gnu99;
				GCC_DYNAMIC_NO_PIC = NO;
				GCC_NO_COMMON_BLOCKS = YES;
				GCC_OPTIMIZATION_LEVEL = 0;
				GCC_PREPROCESSOR_DEFINITIONS = (
					"DEBUG=1",
					"$(inherited)",
				);
				GCC_WARN_64_TO_32_BIT_CONVERSION = YES;
				GCC_WARN_ABOUT_RETURN_TYPE = YES_ERROR;
				GCC_WARN_UNDECLARED_SELECTOR = YES;
				GCC_WARN_UNINITIALIZED_AUTOS = YES_AGGRESSIVE;
				GCC_WARN_UNUSED_FUNCTION = YES;
				GCC_WARN_UNUSED_VARIABLE = YES;
				MACOSX_DEPLOYMENT_TARGET = 10.12;
				MTL_ENABLE_DEBUG_INFO = YES;
				ONLY_ACTIVE_ARCH = YES;
				SDKROOT = macosx;
			};
			name = Debug;
		};
		18B4D3991EFBEA5A002B51E0 /* Release */ = {
			isa = XCBuildConfiguration;
			buildSettings = {
				ALWAYS_SEARCH_USER_PATHS = NO;
				CLANG_ANALYZER_NONNULL = YES;
				CLANG_ANALYZER_NUMBER_OBJECT_CONVERSION = YES_AGGRESSIVE;
				CLANG_CXX_LANGUAGE_STANDARD = "gnu++0x";
				CLANG_CXX_LIBRARY = "libc++";
				CLANG_ENABLE_MODULES = YES;
				CLANG_ENABLE_OBJC_ARC = YES;
				CLANG_WARN_BOOL_CONVERSION = YES;
				CLANG_WARN_CONSTANT_CONVERSION = YES;
				CLANG_WARN_DIRECT_OBJC_ISA_USAGE = YES_ERROR;
				CLANG_WARN_DOCUMENTATION_COMMENTS = YES;
				CLANG_WARN_EMPTY_BODY = YES;
				CLANG_WARN_ENUM_CONVERSION = YES;
				CLANG_WARN_INFINITE_RECURSION = YES;
				CLANG_WARN_INT_CONVERSION = YES;
				CLANG_WARN_OBJC_ROOT_CLASS = YES_ERROR;
				CLANG_WARN_SUSPICIOUS_MOVE = YES;
				CLANG_WARN_UNREACHABLE_CODE = YES;
				CLANG_WARN__DUPLICATE_METHOD_MATCH = YES;
				CODE_SIGN_IDENTITY = "-";
				COPY_PHASE_STRIP = NO;
				DEBUG_INFORMATION_FORMAT = "dwarf-with-dsym";
				ENABLE_NS_ASSERTIONS = NO;
				ENABLE_STRICT_OBJC_MSGSEND = YES;
				GCC_C_LANGUAGE_STANDARD = gnu99;
				GCC_NO_COMMON_BLOCKS = YES;
				GCC_WARN_64_TO_32_BIT_CONVERSION = YES;
				GCC_WARN_ABOUT_RETURN_TYPE = YES_ERROR;
				GCC_WARN_UNDECLARED_SELECTOR = YES;
				GCC_WARN_UNINITIALIZED_AUTOS = YES_AGGRESSIVE;
				GCC_WARN_UNUSED_FUNCTION = YES;
				GCC_WARN_UNUSED_VARIABLE = YES;
				MACOSX_DEPLOYMENT_TARGET = 10.12;
				MTL_ENABLE_DEBUG_INFO = NO;
				SDKROOT = macosx;
			};
			name = Release;
		};
		18B4D39B1EFBEA5A002B51E0 /* Debug */ = {
			isa = XCBuildConfiguration;
			buildSettings = {
				DEVELOPMENT_TEAM = 35W5H9CHY5;
				PRODUCT_NAME = "$(TARGET_NAME)";
			};
			name = Debug;
		};
		18B4D39C1EFBEA5A002B51E0 /* Release */ = {
			isa = XCBuildConfiguration;
			buildSettings = {
				DEVELOPMENT_TEAM = 35W5H9CHY5;
				PRODUCT_NAME = "$(TARGET_NAME)";
			};
			name = Release;
		};
/* End XCBuildConfiguration section */

/* Begin XCConfigurationList section */
		18B4D38E1EFBEA5A002B51E0 /* Build configuration list for PBXProject "NewBookDemo" */ = {
			isa = XCConfigurationList;
			buildConfigurations = (
				18B4D3981EFBEA5A002B51E0 /* Debug */,
				18B4D3991EFBEA5A002B51E0 /* Release */,
			);
			defaultConfigurationIsVisible = 0;
			defaultConfigurationName = Release;
		};
		18B4D39A1EFBEA5A002B51E0 /* Build configuration list for PBXNativeTarget "NewBookDemo" */ = {
			isa = XCConfigurationList;
			buildConfigurations = (
				18B4D39B1EFBEA5A002B51E0 /* Debug */,
				18B4D39C1EFBEA5A002B51E0 /* Release */,
			);
			defaultConfigurationIsVisible = 0;
		};
/* End XCConfigurationList section */
	};
	rootObject = 18B4D38B1EFBEA5A002B51E0 /* Project object */;
}
